
Microsoft Visual Studio Solution File, Format Version 12.00
# Visual Studio Version 16
VisualStudioVersion = 16.0.31112.23
MinimumVisualStudioVersion = 10.0.40219.1
Project("{9A19103F-16F7-4668-BE54-9A1E7A4F7556}") = "WeatherSpot.Models", "src\WeatherSpot.Models\WeatherSpot.Models.csproj", "{A4C461E7-2D60-40BA-8449-523A182975F4}"
EndProject
Project("{9A19103F-16F7-4668-BE54-9A1E7A4F7556}") = "WeatherSpot.BL", "src\WeatherSpot.BL\WeatherSpot.BL.csproj", "{040FD3E5-6ABD-479A-8943-26BEB19FCC01}"
EndProject
Project("{9A19103F-16F7-4668-BE54-9A1E7A4F7556}") = "WeatherSpot.DataLayer", "src\WeatherSpot.DataLayer\WeatherSpot.DataLayer.csproj", "{2846E87E-61F6-4223-B918-DBE1FCB9E7E2}"
EndProject
Project("{FAE04EC0-301F-11D3-BF4B-00C04F79EFBC}") = "WeatherSpot.Host", "src\WeatherSpot.Host\WeatherSpot.Host.csproj", "{18F68D7E-1533-4271-A95E-7AAAF47933C3}"
EndProject
Global
	GlobalSection(SolutionConfigurationPlatforms) = preSolution
		Debug|Any CPU = Debug|Any CPU
		Release|Any CPU = Release|Any CPU
	EndGlobalSection
	GlobalSection(ProjectConfigurationPlatforms) = postSolution
		{A4C461E7-2D60-40BA-8449-523A182975F4}.Debug|Any CPU.ActiveCfg = Debug|Any CPU
		{A4C461E7-2D60-40BA-8449-523A182975F4}.Debug|Any CPU.Build.0 = Debug|Any CPU
		{A4C461E7-2D60-40BA-8449-523A182975F4}.Release|Any CPU.ActiveCfg = Release|Any CPU
		{A4C461E7-2D60-40BA-8449-523A182975F4}.Release|Any CPU.Build.0 = Release|Any CPU
		{040FD3E5-6ABD-479A-8943-26BEB19FCC01}.Debug|Any CPU.ActiveCfg = Debug|Any CPU
		{040FD3E5-6ABD-479A-8943-26BEB19FCC01}.Debug|Any CPU.Build.0 = Debug|Any CPU
		{040FD3E5-6ABD-479A-8943-26BEB19FCC01}.Release|Any CPU.ActiveCfg = Release|Any CPU
		{040FD3E5-6ABD-479A-8943-26BEB19FCC01}.Release|Any CPU.Build.0 = Release|Any CPU
		{2846E87E-61F6-4223-B918-DBE1FCB9E7E2}.Debug|Any CPU.ActiveCfg = Debug|Any CPU
		{2846E87E-61F6-4223-B918-DBE1FCB9E7E2}.Debug|Any CPU.Build.0 = Debug|Any CPU
		{2846E87E-61F6-4223-B918-DBE1FCB9E7E2}.Release|Any CPU.ActiveCfg = Release|Any CPU
		{2846E87E-61F6-4223-B918-DBE1FCB9E7E2}.Release|Any CPU.Build.0 = Release|Any CPU
		{18F68D7E-1533-4271-A95E-7AAAF47933C3}.Debug|Any CPU.ActiveCfg = Debug|Any CPU
		{18F68D7E-1533-4271-A95E-7AAAF47933C3}.Debug|Any CPU.Build.0 = Debug|Any CPU
		{18F68D7E-1533-4271-A95E-7AAAF47933C3}.Release|Any CPU.ActiveCfg = Release|Any CPU
		{18F68D7E-1533-4271-A95E-7AAAF47933C3}.Release|Any CPU.Build.0 = Release|Any CPU
	EndGlobalSection
	GlobalSection(SolutionProperties) = preSolution
		HideSolutionNode = FALSE
	EndGlobalSection
	GlobalSection(ExtensibilityGlobals) = postSolution
		SolutionGuid = {AC53F222-0DAB-440E-8F36-69158DCDF75D}
	EndGlobalSection
EndGlobal
