
Microsoft Visual Studio Solution File, Format Version 12.00
# Visual Studio Version 16
VisualStudioVersion = 16.0.31112.23
MinimumVisualStudioVersion = 10.0.40219.1
Project("{FAE04EC0-301F-11D3-BF4B-00C04F79EFBC}") = "WeatherSpot.Host", ".\src\WeatherSpot.Host\WeatherSpot.Host.csproj", "{FE478A6A-E33A-40D7-93DC-C96E27F11F74}"
EndProject
Global
	GlobalSection(SolutionConfigurationPlatforms) = preSolution
		Debug|Any CPU = Debug|Any CPU
		Release|Any CPU = Release|Any CPU
	EndGlobalSection
	GlobalSection(ProjectConfigurationPlatforms) = postSolution
		{FE478A6A-E33A-40D7-93DC-C96E27F11F74}.Debug|Any CPU.ActiveCfg = Debug|Any CPU
		{FE478A6A-E33A-40D7-93DC-C96E27F11F74}.Debug|Any CPU.Build.0 = Debug|Any CPU
		{FE478A6A-E33A-40D7-93DC-C96E27F11F74}.Release|Any CPU.ActiveCfg = Release|Any CPU
		{FE478A6A-E33A-40D7-93DC-C96E27F11F74}.Release|Any CPU.Build.0 = Release|Any CPU
	EndGlobalSection
	GlobalSection(SolutionProperties) = preSolution
		HideSolutionNode = FALSE
	EndGlobalSection
	GlobalSection(ExtensibilityGlobals) = postSolution
		SolutionGuid = {AC53F222-0DAB-440E-8F36-69158DCDF75D}
	EndGlobalSection
EndGlobal
